// !$*UTF8*$!
{
	archiveVersion = 1;
	classes = {
	};
	objectVersion = 50;
	objects = {

/* Begin PBXBuildFile section */
		9616623B2371191E00ADBF86 /* AppDelegate.swift in Sources */ = {isa = PBXBuildFile; fileRef = 9616623A2371191E00ADBF86 /* AppDelegate.swift */; };
		9616623D2371191E00ADBF86 /* ViewController.swift in Sources */ = {isa = PBXBuildFile; fileRef = 9616623C2371191E00ADBF86 /* ViewController.swift */; };
		961662402371191E00ADBF86 /* Main.storyboard in Resources */ = {isa = PBXBuildFile; fileRef = 9616623E2371191E00ADBF86 /* Main.storyboard */; };
		961662422371192000ADBF86 /* Assets.xcassets in Resources */ = {isa = PBXBuildFile; fileRef = 961662412371192000ADBF86 /* Assets.xcassets */; };
		961662452371192000ADBF86 /* LaunchScreen.storyboard in Resources */ = {isa = PBXBuildFile; fileRef = 961662432371192000ADBF86 /* LaunchScreen.storyboard */; };
		961662E123711B7900ADBF86 /* DataBase.swift in Sources */ = {isa = PBXBuildFile; fileRef = 961662E023711B7900ADBF86 /* DataBase.swift */; };
		961662F223711CA200ADBF86 /* README.markdown in Resources */ = {isa = PBXBuildFile; fileRef = 961662E323711CA200ADBF86 /* README.markdown */; };
		961662F323711CA200ADBF86 /* LICENSE.txt in Resources */ = {isa = PBXBuildFile; fileRef = 961662E423711CA200ADBF86 /* LICENSE.txt */; };
		961662F423711CA200ADBF86 /* FMDatabaseQueue.m in Sources */ = {isa = PBXBuildFile; fileRef = 961662E823711CA200ADBF86 /* FMDatabaseQueue.m */; };
		961662F523711CA200ADBF86 /* FMDatabaseAdditions.m in Sources */ = {isa = PBXBuildFile; fileRef = 961662EB23711CA200ADBF86 /* FMDatabaseAdditions.m */; };
		961662F623711CA200ADBF86 /* FMDatabase.m in Sources */ = {isa = PBXBuildFile; fileRef = 961662EC23711CA200ADBF86 /* FMDatabase.m */; };
		961662F723711CA200ADBF86 /* FMDatabasePool.m in Sources */ = {isa = PBXBuildFile; fileRef = 961662F023711CA200ADBF86 /* FMDatabasePool.m */; };
		961662F823711CA200ADBF86 /* FMResultSet.m in Sources */ = {isa = PBXBuildFile; fileRef = 961662F123711CA200ADBF86 /* FMResultSet.m */; };
		961662F923711CD100ADBF86 /* libsqlite3.dylib in Frameworks */ = {isa = PBXBuildFile; fileRef = 96166260237119EE00ADBF86 /* libsqlite3.dylib */; };
		961662FD2372706D00ADBF86 /* ViewControllerBase.swift in Sources */ = {isa = PBXBuildFile; fileRef = 961662FC2372706D00ADBF86 /* ViewControllerBase.swift */; };
		961662FF2372709100ADBF86 /* ViewControllerTableBase.swift in Sources */ = {isa = PBXBuildFile; fileRef = 961662FE2372709100ADBF86 /* ViewControllerTableBase.swift */; };
		96166301237270C100ADBF86 /* ViewControllerCollectionBase.swift in Sources */ = {isa = PBXBuildFile; fileRef = 96166300237270C100ADBF86 /* ViewControllerCollectionBase.swift */; };
		961663042372719000ADBF86 /* ViewSongs.swift in Sources */ = {isa = PBXBuildFile; fileRef = 961663032372719000ADBF86 /* ViewSongs.swift */; };
		961663062372719C00ADBF86 /* ViewAlbums.swift in Sources */ = {isa = PBXBuildFile; fileRef = 961663052372719C00ADBF86 /* ViewAlbums.swift */; };
		96166308237271A900ADBF86 /* ViewArtists.swift in Sources */ = {isa = PBXBuildFile; fileRef = 96166307237271A900ADBF86 /* ViewArtists.swift */; };
		9616630A237271BD00ADBF86 /* ViewPlaylists.swift in Sources */ = {isa = PBXBuildFile; fileRef = 96166309237271BD00ADBF86 /* ViewPlaylists.swift */; };
/* End PBXBuildFile section */

/* Begin PBXFileReference section */
		961662372371191E00ADBF86 /* SQLITE_MUSIC.app */ = {isa = PBXFileReference; explicitFileType = wrapper.application; includeInIndex = 0; path = SQLITE_MUSIC.app; sourceTree = BUILT_PRODUCTS_DIR; };
		9616623A2371191E00ADBF86 /* AppDelegate.swift */ = {isa = PBXFileReference; lastKnownFileType = sourcecode.swift; path = AppDelegate.swift; sourceTree = "<group>"; };
		9616623C2371191E00ADBF86 /* ViewController.swift */ = {isa = PBXFileReference; lastKnownFileType = sourcecode.swift; path = ViewController.swift; sourceTree = "<group>"; };
		9616623F2371191E00ADBF86 /* Base */ = {isa = PBXFileReference; lastKnownFileType = file.storyboard; name = Base; path = Base.lproj/Main.storyboard; sourceTree = "<group>"; };
		961662412371192000ADBF86 /* Assets.xcassets */ = {isa = PBXFileReference; lastKnownFileType = folder.assetcatalog; path = Assets.xcassets; sourceTree = "<group>"; };
		961662442371192000ADBF86 /* Base */ = {isa = PBXFileReference; lastKnownFileType = file.storyboard; name = Base; path = Base.lproj/LaunchScreen.storyboard; sourceTree = "<group>"; };
		961662462371192000ADBF86 /* Info.plist */ = {isa = PBXFileReference; lastKnownFileType = text.plist.xml; path = Info.plist; sourceTree = "<group>"; };
		96166260237119EE00ADBF86 /* libsqlite3.dylib */ = {isa = PBXFileReference; lastKnownFileType = "compiled.mach-o.dylib"; name = libsqlite3.dylib; path = ../../../../usr/lib/libsqlite3.dylib; sourceTree = "<group>"; };
		961662DF23711B6900ADBF86 /* SQLITE_MUSIC-Briding-Header.h */ = {isa = PBXFileReference; lastKnownFileType = sourcecode.c.h; path = "SQLITE_MUSIC-Briding-Header.h"; sourceTree = "<group>"; };
		961662E023711B7900ADBF86 /* DataBase.swift */ = {isa = PBXFileReference; lastKnownFileType = sourcecode.swift; path = DataBase.swift; sourceTree = "<group>"; };
		961662E323711CA200ADBF86 /* README.markdown */ = {isa = PBXFileReference; fileEncoding = 4; lastKnownFileType = net.daringfireball.markdown; path = README.markdown; sourceTree = "<group>"; };
		961662E423711CA200ADBF86 /* LICENSE.txt */ = {isa = PBXFileReference; fileEncoding = 4; lastKnownFileType = text; path = LICENSE.txt; sourceTree = "<group>"; };
		961662E723711CA200ADBF86 /* FMDatabase.h */ = {isa = PBXFileReference; fileEncoding = 4; lastKnownFileType = sourcecode.c.h; path = FMDatabase.h; sourceTree = "<group>"; };
		961662E823711CA200ADBF86 /* FMDatabaseQueue.m */ = {isa = PBXFileReference; fileEncoding = 4; lastKnownFileType = sourcecode.c.objc; path = FMDatabaseQueue.m; sourceTree = "<group>"; };
		961662E923711CA200ADBF86 /* FMResultSet.h */ = {isa = PBXFileReference; fileEncoding = 4; lastKnownFileType = sourcecode.c.h; path = FMResultSet.h; sourceTree = "<group>"; };
		961662EA23711CA200ADBF86 /* FMDatabasePool.h */ = {isa = PBXFileReference; fileEncoding = 4; lastKnownFileType = sourcecode.c.h; path = FMDatabasePool.h; sourceTree = "<group>"; };
		961662EB23711CA200ADBF86 /* FMDatabaseAdditions.m */ = {isa = PBXFileReference; fileEncoding = 4; lastKnownFileType = sourcecode.c.objc; path = FMDatabaseAdditions.m; sourceTree = "<group>"; };
		961662EC23711CA200ADBF86 /* FMDatabase.m */ = {isa = PBXFileReference; fileEncoding = 4; lastKnownFileType = sourcecode.c.objc; path = FMDatabase.m; sourceTree = "<group>"; };
		961662ED23711CA200ADBF86 /* FMDatabaseQueue.h */ = {isa = PBXFileReference; fileEncoding = 4; lastKnownFileType = sourcecode.c.h; path = FMDatabaseQueue.h; sourceTree = "<group>"; };
		961662EE23711CA200ADBF86 /* FMDB.h */ = {isa = PBXFileReference; fileEncoding = 4; lastKnownFileType = sourcecode.c.h; path = FMDB.h; sourceTree = "<group>"; };
		961662EF23711CA200ADBF86 /* FMDatabaseAdditions.h */ = {isa = PBXFileReference; fileEncoding = 4; lastKnownFileType = sourcecode.c.h; path = FMDatabaseAdditions.h; sourceTree = "<group>"; };
		961662F023711CA200ADBF86 /* FMDatabasePool.m */ = {isa = PBXFileReference; fileEncoding = 4; lastKnownFileType = sourcecode.c.objc; path = FMDatabasePool.m; sourceTree = "<group>"; };
		961662F123711CA200ADBF86 /* FMResultSet.m */ = {isa = PBXFileReference; fileEncoding = 4; lastKnownFileType = sourcecode.c.objc; path = FMResultSet.m; sourceTree = "<group>"; };
		961662FC2372706D00ADBF86 /* ViewControllerBase.swift */ = {isa = PBXFileReference; lastKnownFileType = sourcecode.swift; path = ViewControllerBase.swift; sourceTree = "<group>"; };
		961662FE2372709100ADBF86 /* ViewControllerTableBase.swift */ = {isa = PBXFileReference; lastKnownFileType = sourcecode.swift; path = ViewControllerTableBase.swift; sourceTree = "<group>"; };
		96166300237270C100ADBF86 /* ViewControllerCollectionBase.swift */ = {isa = PBXFileReference; lastKnownFileType = sourcecode.swift; path = ViewControllerCollectionBase.swift; sourceTree = "<group>"; };
		961663032372719000ADBF86 /* ViewSongs.swift */ = {isa = PBXFileReference; lastKnownFileType = sourcecode.swift; path = ViewSongs.swift; sourceTree = "<group>"; };
		961663052372719C00ADBF86 /* ViewAlbums.swift */ = {isa = PBXFileReference; lastKnownFileType = sourcecode.swift; path = ViewAlbums.swift; sourceTree = "<group>"; };
		96166307237271A900ADBF86 /* ViewArtists.swift */ = {isa = PBXFileReference; lastKnownFileType = sourcecode.swift; path = ViewArtists.swift; sourceTree = "<group>"; };
		96166309237271BD00ADBF86 /* ViewPlaylists.swift */ = {isa = PBXFileReference; lastKnownFileType = sourcecode.swift; path = ViewPlaylists.swift; sourceTree = "<group>"; };
/* End PBXFileReference section */

/* Begin PBXFrameworksBuildPhase section */
		961662342371191E00ADBF86 /* Frameworks */ = {
			isa = PBXFrameworksBuildPhase;
			buildActionMask = 2147483647;
			files = (
				961662F923711CD100ADBF86 /* libsqlite3.dylib in Frameworks */,
			);
			runOnlyForDeploymentPostprocessing = 0;
		};
/* End PBXFrameworksBuildPhase section */

/* Begin PBXGroup section */
		9616622E2371191E00ADBF86 = {
			isa = PBXGroup;
			children = (
				961662392371191E00ADBF86 /* SQLITE_MUSIC */,
				961662382371191E00ADBF86 /* Products */,
				9616625F237119EE00ADBF86 /* Frameworks */,
			);
			sourceTree = "<group>";
		};
		961662382371191E00ADBF86 /* Products */ = {
			isa = PBXGroup;
			children = (
				961662372371191E00ADBF86 /* SQLITE_MUSIC.app */,
			);
			name = Products;
			sourceTree = "<group>";
		};
		961662392371191E00ADBF86 /* SQLITE_MUSIC */ = {
			isa = PBXGroup;
			children = (
				96166302237270D300ADBF86 /* View */,
				961662FB2372701400ADBF86 /* ViewBase */,
				961662FA23726FF500ADBF86 /* DataBase */,
				961662E223711CA200ADBF86 /* FMDB */,
				9616623A2371191E00ADBF86 /* AppDelegate.swift */,
				9616623C2371191E00ADBF86 /* ViewController.swift */,
				9616623E2371191E00ADBF86 /* Main.storyboard */,
				961662412371192000ADBF86 /* Assets.xcassets */,
				961662432371192000ADBF86 /* LaunchScreen.storyboard */,
				961662462371192000ADBF86 /* Info.plist */,
				961662DF23711B6900ADBF86 /* SQLITE_MUSIC-Briding-Header.h */,
			);
			path = SQLITE_MUSIC;
			sourceTree = "<group>";
		};
		9616625F237119EE00ADBF86 /* Frameworks */ = {
			isa = PBXGroup;
			children = (
				96166260237119EE00ADBF86 /* libsqlite3.dylib */,
			);
			name = Frameworks;
			sourceTree = "<group>";
		};
		961662E223711CA200ADBF86 /* FMDB */ = {
			isa = PBXGroup;
			children = (
				961662E323711CA200ADBF86 /* README.markdown */,
				961662E423711CA200ADBF86 /* LICENSE.txt */,
				961662E523711CA200ADBF86 /* src */,
			);
			path = FMDB;
			sourceTree = "<group>";
		};
		961662E523711CA200ADBF86 /* src */ = {
			isa = PBXGroup;
			children = (
				961662E623711CA200ADBF86 /* fmdb */,
			);
			path = src;
			sourceTree = "<group>";
		};
		961662E623711CA200ADBF86 /* fmdb */ = {
			isa = PBXGroup;
			children = (
				961662E723711CA200ADBF86 /* FMDatabase.h */,
				961662E823711CA200ADBF86 /* FMDatabaseQueue.m */,
				961662E923711CA200ADBF86 /* FMResultSet.h */,
				961662EA23711CA200ADBF86 /* FMDatabasePool.h */,
				961662EB23711CA200ADBF86 /* FMDatabaseAdditions.m */,
				961662EC23711CA200ADBF86 /* FMDatabase.m */,
				961662ED23711CA200ADBF86 /* FMDatabaseQueue.h */,
				961662EE23711CA200ADBF86 /* FMDB.h */,
				961662EF23711CA200ADBF86 /* FMDatabaseAdditions.h */,
				961662F023711CA200ADBF86 /* FMDatabasePool.m */,
				961662F123711CA200ADBF86 /* FMResultSet.m */,
			);
			path = fmdb;
			sourceTree = "<group>";
		};
		961662FA23726FF500ADBF86 /* DataBase */ = {
			isa = PBXGroup;
			children = (
				961662E023711B7900ADBF86 /* DataBase.swift */,
			);
			path = DataBase;
			sourceTree = "<group>";
		};
		961662FB2372701400ADBF86 /* ViewBase */ = {
			isa = PBXGroup;
			children = (
				961662FC2372706D00ADBF86 /* ViewControllerBase.swift */,
				961662FE2372709100ADBF86 /* ViewControllerTableBase.swift */,
				96166300237270C100ADBF86 /* ViewControllerCollectionBase.swift */,
			);
			path = ViewBase;
			sourceTree = "<group>";
		};
		96166302237270D300ADBF86 /* View */ = {
			isa = PBXGroup;
			children = (
				961663032372719000ADBF86 /* ViewSongs.swift */,
				961663052372719C00ADBF86 /* ViewAlbums.swift */,
				96166307237271A900ADBF86 /* ViewArtists.swift */,
				96166309237271BD00ADBF86 /* ViewPlaylists.swift */,
			);
			path = View;
			sourceTree = "<group>";
		};
/* End PBXGroup section */

/* Begin PBXNativeTarget section */
		961662362371191E00ADBF86 /* SQLITE_MUSIC */ = {
			isa = PBXNativeTarget;
			buildConfigurationList = 961662492371192000ADBF86 /* Build configuration list for PBXNativeTarget "SQLITE_MUSIC" */;
			buildPhases = (
				961662332371191E00ADBF86 /* Sources */,
				961662342371191E00ADBF86 /* Frameworks */,
				961662352371191E00ADBF86 /* Resources */,
			);
			buildRules = (
			);
			dependencies = (
			);
			name = SQLITE_MUSIC;
			productName = SQLITE_MUSIC;
			productReference = 961662372371191E00ADBF86 /* SQLITE_MUSIC.app */;
			productType = "com.apple.product-type.application";
		};
/* End PBXNativeTarget section */

/* Begin PBXProject section */
		9616622F2371191E00ADBF86 /* Project object */ = {
			isa = PBXProject;
			attributes = {
				LastSwiftUpdateCheck = 1010;
				LastUpgradeCheck = 1010;
				ORGANIZATIONNAME = "RTC-HN154";
				TargetAttributes = {
					961662362371191E00ADBF86 = {
						CreatedOnToolsVersion = 10.1;
					};
				};
			};
			buildConfigurationList = 961662322371191E00ADBF86 /* Build configuration list for PBXProject "SQLITE_MUSIC" */;
			compatibilityVersion = "Xcode 9.3";
			developmentRegion = en;
			hasScannedForEncodings = 0;
			knownRegions = (
				en,
				Base,
			);
			mainGroup = 9616622E2371191E00ADBF86;
			productRefGroup = 961662382371191E00ADBF86 /* Products */;
			projectDirPath = "";
			projectRoot = "";
			targets = (
				961662362371191E00ADBF86 /* SQLITE_MUSIC */,
			);
		};
/* End PBXProject section */

/* Begin PBXResourcesBuildPhase section */
		961662352371191E00ADBF86 /* Resources */ = {
			isa = PBXResourcesBuildPhase;
			buildActionMask = 2147483647;
			files = (
				961662452371192000ADBF86 /* LaunchScreen.storyboard in Resources */,
				961662422371192000ADBF86 /* Assets.xcassets in Resources */,
				961662F223711CA200ADBF86 /* README.markdown in Resources */,
				961662F323711CA200ADBF86 /* LICENSE.txt in Resources */,
				961662402371191E00ADBF86 /* Main.storyboard in Resources */,
			);
			runOnlyForDeploymentPostprocessing = 0;
		};
/* End PBXResourcesBuildPhase section */

/* Begin PBXSourcesBuildPhase section */
		961662332371191E00ADBF86 /* Sources */ = {
			isa = PBXSourcesBuildPhase;
			buildActionMask = 2147483647;
			files = (
				9616623D2371191E00ADBF86 /* ViewController.swift in Sources */,
				961663062372719C00ADBF86 /* ViewAlbums.swift in Sources */,
				961662F423711CA200ADBF86 /* FMDatabaseQueue.m in Sources */,
				9616623B2371191E00ADBF86 /* AppDelegate.swift in Sources */,
				961663042372719000ADBF86 /* ViewSongs.swift in Sources */,
				96166308237271A900ADBF86 /* ViewArtists.swift in Sources */,
				961662F623711CA200ADBF86 /* FMDatabase.m in Sources */,
				9616630A237271BD00ADBF86 /* ViewPlaylists.swift in Sources */,
				961662FF2372709100ADBF86 /* ViewControllerTableBase.swift in Sources */,
				961662F723711CA200ADBF86 /* FMDatabasePool.m in Sources */,
				961662E123711B7900ADBF86 /* DataBase.swift in Sources */,
				961662FD2372706D00ADBF86 /* ViewControllerBase.swift in Sources */,
				96166301237270C100ADBF86 /* ViewControllerCollectionBase.swift in Sources */,
				961662F823711CA200ADBF86 /* FMResultSet.m in Sources */,
				961662F523711CA200ADBF86 /* FMDatabaseAdditions.m in Sources */,
			);
			runOnlyForDeploymentPostprocessing = 0;
		};
/* End PBXSourcesBuildPhase section */

/* Begin PBXVariantGroup section */
		9616623E2371191E00ADBF86 /* Main.storyboard */ = {
			isa = PBXVariantGroup;
			children = (
				9616623F2371191E00ADBF86 /* Base */,
			);
			name = Main.storyboard;
			sourceTree = "<group>";
		};
		961662432371192000ADBF86 /* LaunchScreen.storyboard */ = {
			isa = PBXVariantGroup;
			children = (
				961662442371192000ADBF86 /* Base */,
			);
			name = LaunchScreen.storyboard;
			sourceTree = "<group>";
		};
/* End PBXVariantGroup section */

/* Begin XCBuildConfiguration section */
		961662472371192000ADBF86 /* Debug */ = {
			isa = XCBuildConfiguration;
			buildSettings = {
				ALWAYS_SEARCH_USER_PATHS = NO;
				CLANG_ANALYZER_NONNULL = YES;
				CLANG_ANALYZER_NUMBER_OBJECT_CONVERSION = YES_AGGRESSIVE;
				CLANG_CXX_LANGUAGE_STANDARD = "gnu++14";
				CLANG_CXX_LIBRARY = "libc++";
				CLANG_ENABLE_MODULES = YES;
				CLANG_ENABLE_OBJC_ARC = YES;
				CLANG_ENABLE_OBJC_WEAK = YES;
				CLANG_WARN_BLOCK_CAPTURE_AUTORELEASING = YES;
				CLANG_WARN_BOOL_CONVERSION = YES;
				CLANG_WARN_COMMA = YES;
				CLANG_WARN_CONSTANT_CONVERSION = YES;
				CLANG_WARN_DEPRECATED_OBJC_IMPLEMENTATIONS = YES;
				CLANG_WARN_DIRECT_OBJC_ISA_USAGE = YES_ERROR;
				CLANG_WARN_DOCUMENTATION_COMMENTS = YES;
				CLANG_WARN_EMPTY_BODY = YES;
				CLANG_WARN_ENUM_CONVERSION = YES;
				CLANG_WARN_INFINITE_RECURSION = YES;
				CLANG_WARN_INT_CONVERSION = YES;
				CLANG_WARN_NON_LITERAL_NULL_CONVERSION = YES;
				CLANG_WARN_OBJC_IMPLICIT_RETAIN_SELF = YES;
				CLANG_WARN_OBJC_LITERAL_CONVERSION = YES;
				CLANG_WARN_OBJC_ROOT_CLASS = YES_ERROR;
				CLANG_WARN_RANGE_LOOP_ANALYSIS = YES;
				CLANG_WARN_STRICT_PROTOTYPES = YES;
				CLANG_WARN_SUSPICIOUS_MOVE = YES;
				CLANG_WARN_UNGUARDED_AVAILABILITY = YES_AGGRESSIVE;
				CLANG_WARN_UNREACHABLE_CODE = YES;
				CLANG_WARN__DUPLICATE_METHOD_MATCH = YES;
				CODE_SIGN_IDENTITY = "iPhone Developer";
				COPY_PHASE_STRIP = NO;
				DEBUG_INFORMATION_FORMAT = dwarf;
				ENABLE_STRICT_OBJC_MSGSEND = YES;
				ENABLE_TESTABILITY = YES;
				GCC_C_LANGUAGE_STANDARD = gnu11;
				GCC_DYNAMIC_NO_PIC = NO;
				GCC_NO_COMMON_BLOCKS = YES;
				GCC_OPTIMIZATION_LEVEL = 0;
				GCC_PREPROCESSOR_DEFINITIONS = (
					"DEBUG=1",
					"$(inherited)",
				);
				GCC_WARN_64_TO_32_BIT_CONVERSION = YES;
				GCC_WARN_ABOUT_RETURN_TYPE = YES_ERROR;
				GCC_WARN_UNDECLARED_SELECTOR = YES;
				GCC_WARN_UNINITIALIZED_AUTOS = YES_AGGRESSIVE;
				GCC_WARN_UNUSED_FUNCTION = YES;
				GCC_WARN_UNUSED_VARIABLE = YES;
				IPHONEOS_DEPLOYMENT_TARGET = 12.1;
				MTL_ENABLE_DEBUG_INFO = INCLUDE_SOURCE;
				MTL_FAST_MATH = YES;
				ONLY_ACTIVE_ARCH = YES;
				SDKROOT = iphoneos;
				SWIFT_ACTIVE_COMPILATION_CONDITIONS = DEBUG;
				SWIFT_OPTIMIZATION_LEVEL = "-Onone";
			};
			name = Debug;
		};
		961662482371192000ADBF86 /* Release */ = {
			isa = XCBuildConfiguration;
			buildSettings = {
				ALWAYS_SEARCH_USER_PATHS = NO;
				CLANG_ANALYZER_NONNULL = YES;
				CLANG_ANALYZER_NUMBER_OBJECT_CONVERSION = YES_AGGRESSIVE;
				CLANG_CXX_LANGUAGE_STANDARD = "gnu++14";
				CLANG_CXX_LIBRARY = "libc++";
				CLANG_ENABLE_MODULES = YES;
				CLANG_ENABLE_OBJC_ARC = YES;
				CLANG_ENABLE_OBJC_WEAK = YES;
				CLANG_WARN_BLOCK_CAPTURE_AUTORELEASING = YES;
				CLANG_WARN_BOOL_CONVERSION = YES;
				CLANG_WARN_COMMA = YES;
				CLANG_WARN_CONSTANT_CONVERSION = YES;
				CLANG_WARN_DEPRECATED_OBJC_IMPLEMENTATIONS = YES;
				CLANG_WARN_DIRECT_OBJC_ISA_USAGE = YES_ERROR;
				CLANG_WARN_DOCUMENTATION_COMMENTS = YES;
				CLANG_WARN_EMPTY_BODY = YES;
				CLANG_WARN_ENUM_CONVERSION = YES;
				CLANG_WARN_INFINITE_RECURSION = YES;
				CLANG_WARN_INT_CONVERSION = YES;
				CLANG_WARN_NON_LITERAL_NULL_CONVERSION = YES;
				CLANG_WARN_OBJC_IMPLICIT_RETAIN_SELF = YES;
				CLANG_WARN_OBJC_LITERAL_CONVERSION = YES;
				CLANG_WARN_OBJC_ROOT_CLASS = YES_ERROR;
				CLANG_WARN_RANGE_LOOP_ANALYSIS = YES;
				CLANG_WARN_STRICT_PROTOTYPES = YES;
				CLANG_WARN_SUSPICIOUS_MOVE = YES;
				CLANG_WARN_UNGUARDED_AVAILABILITY = YES_AGGRESSIVE;
				CLANG_WARN_UNREACHABLE_CODE = YES;
				CLANG_WARN__DUPLICATE_METHOD_MATCH = YES;
				CODE_SIGN_IDENTITY = "iPhone Developer";
				COPY_PHASE_STRIP = NO;
				DEBUG_INFORMATION_FORMAT = "dwarf-with-dsym";
				ENABLE_NS_ASSERTIONS = NO;
				ENABLE_STRICT_OBJC_MSGSEND = YES;
				GCC_C_LANGUAGE_STANDARD = gnu11;
				GCC_NO_COMMON_BLOCKS = YES;
				GCC_WARN_64_TO_32_BIT_CONVERSION = YES;
				GCC_WARN_ABOUT_RETURN_TYPE = YES_ERROR;
				GCC_WARN_UNDECLARED_SELECTOR = YES;
				GCC_WARN_UNINITIALIZED_AUTOS = YES_AGGRESSIVE;
				GCC_WARN_UNUSED_FUNCTION = YES;
				GCC_WARN_UNUSED_VARIABLE = YES;
				IPHONEOS_DEPLOYMENT_TARGET = 12.1;
				MTL_ENABLE_DEBUG_INFO = NO;
				MTL_FAST_MATH = YES;
				SDKROOT = iphoneos;
				SWIFT_COMPILATION_MODE = wholemodule;
				SWIFT_OPTIMIZATION_LEVEL = "-O";
				VALIDATE_PRODUCT = YES;
			};
			name = Release;
		};
		9616624A2371192000ADBF86 /* Debug */ = {
			isa = XCBuildConfiguration;
			buildSettings = {
				ASSETCATALOG_COMPILER_APPICON_NAME = AppIcon;
				CODE_SIGN_STYLE = Automatic;
				INFOPLIST_FILE = SQLITE_MUSIC/Info.plist;
				LD_RUNPATH_SEARCH_PATHS = (
					"$(inherited)",
					"@executable_path/Frameworks",
				);
				PRODUCT_BUNDLE_IDENTIFIER = "-.SQLITE-MUSIC";
				PRODUCT_NAME = "$(TARGET_NAME)";
				SWIFT_OBJC_BRIDGING_HEADER = "SQLITE_MUSIC/SQLITE_MUSIC-Briding-Header.h";
				SWIFT_VERSION = 4.2;
				TARGETED_DEVICE_FAMILY = "1,2";
			};
			name = Debug;
		};
		9616624B2371192000ADBF86 /* Release */ = {
			isa = XCBuildConfiguration;
			buildSettings = {
				ASSETCATALOG_COMPILER_APPICON_NAME = AppIcon;
				CODE_SIGN_STYLE = Automatic;
				INFOPLIST_FILE = SQLITE_MUSIC/Info.plist;
				LD_RUNPATH_SEARCH_PATHS = (
					"$(inherited)",
					"@executable_path/Frameworks",
				);
				PRODUCT_BUNDLE_IDENTIFIER = "-.SQLITE-MUSIC";
				PRODUCT_NAME = "$(TARGET_NAME)";
				SWIFT_OBJC_BRIDGING_HEADER = "SQLITE_MUSIC/SQLITE_MUSIC-Briding-Header.h";
				SWIFT_VERSION = 4.2;
				TARGETED_DEVICE_FAMILY = "1,2";
			};
			name = Release;
		};
/* End XCBuildConfiguration section */

/* Begin XCConfigurationList section */
		961662322371191E00ADBF86 /* Build configuration list for PBXProject "SQLITE_MUSIC" */ = {
			isa = XCConfigurationList;
			buildConfigurations = (
				961662472371192000ADBF86 /* Debug */,
				961662482371192000ADBF86 /* Release */,
			);
			defaultConfigurationIsVisible = 0;
			defaultConfigurationName = Release;
		};
		961662492371192000ADBF86 /* Build configuration list for PBXNativeTarget "SQLITE_MUSIC" */ = {
			isa = XCConfigurationList;
			buildConfigurations = (
				9616624A2371192000ADBF86 /* Debug */,
				9616624B2371192000ADBF86 /* Release */,
			);
			defaultConfigurationIsVisible = 0;
			defaultConfigurationName = Release;
		};
/* End XCConfigurationList section */
	};
	rootObject = 9616622F2371191E00ADBF86 /* Project object */;
}
